
Microsoft Visual Studio Solution File, Format Version 12.00
# Visual Studio 14
VisualStudioVersion = 14.0.25420.1
MinimumVisualStudioVersion = 10.0.40219.1
Project("{8BC9CEB8-8B4A-11D0-8D11-00A0C91BC942}") = "demos", "demos\demos.vcxproj", "{871B7D2A-6B6A-4548-BAA4-A0FC50168DA0}"
EndProject
Project("{8BC9CEB8-8B4A-11D0-8D11-00A0C91BC942}") = "example", "triangles\triangles.vcxproj", "{A8B07056-F0FA-4671-B905-978198043407}"
	ProjectSection(ProjectDependencies) = postProject
		{871B7D2A-6B6A-4548-BAA4-A0FC50168DA0} = {871B7D2A-6B6A-4548-BAA4-A0FC50168DA0}
	EndProjectSection
EndProject
Project("{8BC9CEB8-8B4A-11D0-8D11-00A0C91BC942}") = "demo01_triangle", "triangle\triangle.vcxproj", "{93AE482E-11CB-4990-864E-FADE3ED81B5A}"
	ProjectSection(ProjectDependencies) = postProject
		{871B7D2A-6B6A-4548-BAA4-A0FC50168DA0} = {871B7D2A-6B6A-4548-BAA4-A0FC50168DA0}
	EndProjectSection
EndProject
Project("{8BC9CEB8-8B4A-11D0-8D11-00A0C91BC942}") = "demo02_color_triangle", "color_triangle\color_triangle.vcxproj", "{A4AEC163-F442-4EEE-AD77-51B67B4124B4}"
	ProjectSection(ProjectDependencies) = postProject
		{871B7D2A-6B6A-4548-BAA4-A0FC50168DA0} = {871B7D2A-6B6A-4548-BAA4-A0FC50168DA0}
	EndProjectSection
EndProject
Project("{8BC9CEB8-8B4A-11D0-8D11-00A0C91BC942}") = "demo03_textured_triangle", "textured_triangle\textured_triangle.vcxproj", "{4F3DEAC8-24CD-429B-86F8-346108847A38}"
	ProjectSection(ProjectDependencies) = postProject
		{871B7D2A-6B6A-4548-BAA4-A0FC50168DA0} = {871B7D2A-6B6A-4548-BAA4-A0FC50168DA0}
	EndProjectSection
EndProject
Project("{8BC9CEB8-8B4A-11D0-8D11-00A0C91BC942}") = "demo04_transforming_triangle", "demo04_transforming_triangle\demo04_transforming_triangle.vcxproj", "{BA238F64-E209-4D6E-9A05-F08BD030ABF6}"
	ProjectSection(ProjectDependencies) = postProject
		{871B7D2A-6B6A-4548-BAA4-A0FC50168DA0} = {871B7D2A-6B6A-4548-BAA4-A0FC50168DA0}
	EndProjectSection
EndProject
Project("{8BC9CEB8-8B4A-11D0-8D11-00A0C91BC942}") = "demo05_loading_meshes", "demo05_loading_meshes\demo05_loading_meshes.vcxproj", "{5EF54846-6552-4D49-8DC4-71F669A0AAD9}"
	ProjectSection(ProjectDependencies) = postProject
		{871B7D2A-6B6A-4548-BAA4-A0FC50168DA0} = {871B7D2A-6B6A-4548-BAA4-A0FC50168DA0}
	EndProjectSection
EndProject
Project("{8BC9CEB8-8B4A-11D0-8D11-00A0C91BC942}") = "demo06_optimizing_mesh_loading", "demo06_optimizing_mesh_loading\demo06_optimizing_mesh_loading.vcxproj", "{FE1071F2-D522-4B92-B02A-DED46A3E5F4A}"
	ProjectSection(ProjectDependencies) = postProject
		{871B7D2A-6B6A-4548-BAA4-A0FC50168DA0} = {871B7D2A-6B6A-4548-BAA4-A0FC50168DA0}
	EndProjectSection
EndProject
Project("{8BC9CEB8-8B4A-11D0-8D11-00A0C91BC942}") = "demo07_camera", "demo07_camera\demo07_camera.vcxproj", "{DA5B75F3-D5F8-45C6-997A-D4B8145CC906}"
	ProjectSection(ProjectDependencies) = postProject
		{871B7D2A-6B6A-4548-BAA4-A0FC50168DA0} = {871B7D2A-6B6A-4548-BAA4-A0FC50168DA0}
	EndProjectSection
EndProject
Project("{8BC9CEB8-8B4A-11D0-8D11-00A0C91BC942}") = "demo08_optimizaing_loading_of_meshes", "demo08_optimizaing_loading_of_meshes\demo08_optimizaing_loading_of_meshes.vcxproj", "{2ADE835A-E1B8-46ED-9E34-220E9D9DB8F0}"
	ProjectSection(ProjectDependencies) = postProject
		{871B7D2A-6B6A-4548-BAA4-A0FC50168DA0} = {871B7D2A-6B6A-4548-BAA4-A0FC50168DA0}
	EndProjectSection
EndProject
Project("{8BC9CEB8-8B4A-11D0-8D11-00A0C91BC942}") = "obj_to_smf", "obj_to_smf\obj_to_smf.vcxproj", "{37D07B33-EC41-44A3-B613-1B476CA8B29F}"
	ProjectSection(ProjectDependencies) = postProject
		{871B7D2A-6B6A-4548-BAA4-A0FC50168DA0} = {871B7D2A-6B6A-4548-BAA4-A0FC50168DA0}
	EndProjectSection
EndProject
Project("{8BC9CEB8-8B4A-11D0-8D11-00A0C91BC942}") = "demo09_lighting_diffuse", "demo09_lighting_diffuse\demo09_lighting_diffuse.vcxproj", "{320CD820-FCE5-4291-B658-65ACC1D038F8}"
	ProjectSection(ProjectDependencies) = postProject
		{871B7D2A-6B6A-4548-BAA4-A0FC50168DA0} = {871B7D2A-6B6A-4548-BAA4-A0FC50168DA0}
	EndProjectSection
EndProject
Project("{8BC9CEB8-8B4A-11D0-8D11-00A0C91BC942}") = "demo10_lighting_diffuse_specular", "demo10_lighting_diffuse_specular\demo10_lighting_diffuse_specular.vcxproj", "{1DB788BE-7336-4555-8A21-4E52DED53376}"
	ProjectSection(ProjectDependencies) = postProject
		{871B7D2A-6B6A-4548-BAA4-A0FC50168DA0} = {871B7D2A-6B6A-4548-BAA4-A0FC50168DA0}
	EndProjectSection
EndProject
Project("{8BC9CEB8-8B4A-11D0-8D11-00A0C91BC942}") = "demo11_lighting_pixel_lighting", "demo11_lighting_pixel_lighting\demo11_lighting_pixel_lighting.vcxproj", "{CA6F11A1-7BEB-41CA-9223-38FC4335784A}"
	ProjectSection(ProjectDependencies) = postProject
		{871B7D2A-6B6A-4548-BAA4-A0FC50168DA0} = {871B7D2A-6B6A-4548-BAA4-A0FC50168DA0}
	EndProjectSection
EndProject
Project("{8BC9CEB8-8B4A-11D0-8D11-00A0C91BC942}") = "demo12_lighting_materials", "demo12_lighting_materials\demo12_lighting_materials.vcxproj", "{B5949A93-1B58-47C3-91F9-3849A1E1FFCE}"
	ProjectSection(ProjectDependencies) = postProject
		{871B7D2A-6B6A-4548-BAA4-A0FC50168DA0} = {871B7D2A-6B6A-4548-BAA4-A0FC50168DA0}
	EndProjectSection
EndProject
Project("{8BC9CEB8-8B4A-11D0-8D11-00A0C91BC942}") = "demo13_lighting_materials_specular_mapping", "demo13_lighting_materials_specular_mapping\demo13_lighting_materials_specular_mapping.vcxproj", "{AE110234-B400-422A-A87A-720B90F02D0C}"
	ProjectSection(ProjectDependencies) = postProject
		{871B7D2A-6B6A-4548-BAA4-A0FC50168DA0} = {871B7D2A-6B6A-4548-BAA4-A0FC50168DA0}
	EndProjectSection
EndProject
Project("{8BC9CEB8-8B4A-11D0-8D11-00A0C91BC942}") = "demo14_lighting_materials_normal_mapping", "demo14_lighting_materials_normal_mapping\demo14_lighting_materials_normal_mapping.vcxproj", "{56A7670A-EBC1-43DF-85AA-2B570515E8E7}"
	ProjectSection(ProjectDependencies) = postProject
		{871B7D2A-6B6A-4548-BAA4-A0FC50168DA0} = {871B7D2A-6B6A-4548-BAA4-A0FC50168DA0}
	EndProjectSection
EndProject
Project("{8BC9CEB8-8B4A-11D0-8D11-00A0C91BC942}") = "demo15_lighting_point_lights", "demo15_lighting_point_lights\demo15_lighting_point_lights.vcxproj", "{9F29B618-9249-4D41-A08A-FBD4ED2C2A9E}"
	ProjectSection(ProjectDependencies) = postProject
		{871B7D2A-6B6A-4548-BAA4-A0FC50168DA0} = {871B7D2A-6B6A-4548-BAA4-A0FC50168DA0}
	EndProjectSection
EndProject
Project("{8BC9CEB8-8B4A-11D0-8D11-00A0C91BC942}") = "demo16_lighting_spot_lights", "demo16_lighting_spot_lights\demo16_lighting_spot_lights.vcxproj", "{E546565D-C71F-4AD0-BA09-B4300A57621C}"
	ProjectSection(ProjectDependencies) = postProject
		{871B7D2A-6B6A-4548-BAA4-A0FC50168DA0} = {871B7D2A-6B6A-4548-BAA4-A0FC50168DA0}
	EndProjectSection
EndProject
Project("{8BC9CEB8-8B4A-11D0-8D11-00A0C91BC942}") = "demo17_lighting_multilights", "demo17_lighting_multilights\demo17_lighting_multilights.vcxproj", "{A0B520A6-A46B-4AE0-B11C-A98A87A38FE6}"
	ProjectSection(ProjectDependencies) = postProject
		{871B7D2A-6B6A-4548-BAA4-A0FC50168DA0} = {871B7D2A-6B6A-4548-BAA4-A0FC50168DA0}
	EndProjectSection
EndProject
Project("{8BC9CEB8-8B4A-11D0-8D11-00A0C91BC942}") = "demo18_cubemap_skybox", "demo18_cubemap_skybox\demo18_cubemap_skybox.vcxproj", "{95088F89-32C2-4225-A3E2-73F6167D2DB2}"
	ProjectSection(ProjectDependencies) = postProject
		{871B7D2A-6B6A-4548-BAA4-A0FC50168DA0} = {871B7D2A-6B6A-4548-BAA4-A0FC50168DA0}
	EndProjectSection
EndProject
Project("{8BC9CEB8-8B4A-11D0-8D11-00A0C91BC942}") = "demo19_cubemap_envmap_reflections", "demo19_cubemap_envmap_reflections\demo19_cubemap_envmap_reflections.vcxproj", "{4115FD13-CF8E-4E2B-A1B5-5A68BED1763E}"
	ProjectSection(ProjectDependencies) = postProject
		{871B7D2A-6B6A-4548-BAA4-A0FC50168DA0} = {871B7D2A-6B6A-4548-BAA4-A0FC50168DA0}
	EndProjectSection
EndProject
Project("{8BC9CEB8-8B4A-11D0-8D11-00A0C91BC942}") = "demo20_cubemap_envmap_refractions", "demo20_cubemap_envmap_refractions\demo20_cubemap_envmap_refractions.vcxproj", "{113502CD-CD4D-4A40-8204-0125B746BD7E}"
	ProjectSection(ProjectDependencies) = postProject
		{871B7D2A-6B6A-4548-BAA4-A0FC50168DA0} = {871B7D2A-6B6A-4548-BAA4-A0FC50168DA0}
	EndProjectSection
EndProject
Project("{8BC9CEB8-8B4A-11D0-8D11-00A0C91BC942}") = "demo21_cubemap_envmap_reflection_normal_map", "demo21_cubemap_envmap_reflection_normal_map\demo21_cubemap_envmap_reflection_normal_map.vcxproj", "{6DBE4628-7EFC-4254-B0C1-DA75BEDC98B4}"
	ProjectSection(ProjectDependencies) = postProject
		{871B7D2A-6B6A-4548-BAA4-A0FC50168DA0} = {871B7D2A-6B6A-4548-BAA4-A0FC50168DA0}
	EndProjectSection
EndProject
Project("{8BC9CEB8-8B4A-11D0-8D11-00A0C91BC942}") = "demo22_cubemap_envmap_refraction_normal_map", "demo22_cubemap_envmap_refraction_normal_map\demo22_cubemap_envmap_refraction_normal_map.vcxproj", "{B4F23FE4-AD0A-4B44-8C0D-2BA3B27F8280}"
	ProjectSection(ProjectDependencies) = postProject
		{871B7D2A-6B6A-4548-BAA4-A0FC50168DA0} = {871B7D2A-6B6A-4548-BAA4-A0FC50168DA0}
	EndProjectSection
EndProject
Global
	GlobalSection(SolutionConfigurationPlatforms) = preSolution
		Debug|x64 = Debug|x64
		Debug|x86 = Debug|x86
		Release|x64 = Release|x64
		Release|x86 = Release|x86
	EndGlobalSection
	GlobalSection(ProjectConfigurationPlatforms) = postSolution
		{871B7D2A-6B6A-4548-BAA4-A0FC50168DA0}.Debug|x64.ActiveCfg = Debug|x64
		{871B7D2A-6B6A-4548-BAA4-A0FC50168DA0}.Debug|x64.Build.0 = Debug|x64
		{871B7D2A-6B6A-4548-BAA4-A0FC50168DA0}.Debug|x86.ActiveCfg = Debug|Win32
		{871B7D2A-6B6A-4548-BAA4-A0FC50168DA0}.Debug|x86.Build.0 = Debug|Win32
		{871B7D2A-6B6A-4548-BAA4-A0FC50168DA0}.Release|x64.ActiveCfg = Release|x64
		{871B7D2A-6B6A-4548-BAA4-A0FC50168DA0}.Release|x64.Build.0 = Release|x64
		{871B7D2A-6B6A-4548-BAA4-A0FC50168DA0}.Release|x86.ActiveCfg = Release|Win32
		{871B7D2A-6B6A-4548-BAA4-A0FC50168DA0}.Release|x86.Build.0 = Release|Win32
		{A8B07056-F0FA-4671-B905-978198043407}.Debug|x64.ActiveCfg = Debug|x64
		{A8B07056-F0FA-4671-B905-978198043407}.Debug|x64.Build.0 = Debug|x64
		{A8B07056-F0FA-4671-B905-978198043407}.Debug|x86.ActiveCfg = Debug|Win32
		{A8B07056-F0FA-4671-B905-978198043407}.Debug|x86.Build.0 = Debug|Win32
		{A8B07056-F0FA-4671-B905-978198043407}.Release|x64.ActiveCfg = Release|x64
		{A8B07056-F0FA-4671-B905-978198043407}.Release|x64.Build.0 = Release|x64
		{A8B07056-F0FA-4671-B905-978198043407}.Release|x86.ActiveCfg = Release|Win32
		{A8B07056-F0FA-4671-B905-978198043407}.Release|x86.Build.0 = Release|Win32
		{93AE482E-11CB-4990-864E-FADE3ED81B5A}.Debug|x64.ActiveCfg = Debug|x64
		{93AE482E-11CB-4990-864E-FADE3ED81B5A}.Debug|x64.Build.0 = Debug|x64
		{93AE482E-11CB-4990-864E-FADE3ED81B5A}.Debug|x86.ActiveCfg = Debug|Win32
		{93AE482E-11CB-4990-864E-FADE3ED81B5A}.Debug|x86.Build.0 = Debug|Win32
		{93AE482E-11CB-4990-864E-FADE3ED81B5A}.Release|x64.ActiveCfg = Release|x64
		{93AE482E-11CB-4990-864E-FADE3ED81B5A}.Release|x64.Build.0 = Release|x64
		{93AE482E-11CB-4990-864E-FADE3ED81B5A}.Release|x86.ActiveCfg = Release|Win32
		{93AE482E-11CB-4990-864E-FADE3ED81B5A}.Release|x86.Build.0 = Release|Win32
		{A4AEC163-F442-4EEE-AD77-51B67B4124B4}.Debug|x64.ActiveCfg = Debug|x64
		{A4AEC163-F442-4EEE-AD77-51B67B4124B4}.Debug|x64.Build.0 = Debug|x64
		{A4AEC163-F442-4EEE-AD77-51B67B4124B4}.Debug|x86.ActiveCfg = Debug|Win32
		{A4AEC163-F442-4EEE-AD77-51B67B4124B4}.Debug|x86.Build.0 = Debug|Win32
		{A4AEC163-F442-4EEE-AD77-51B67B4124B4}.Release|x64.ActiveCfg = Release|x64
		{A4AEC163-F442-4EEE-AD77-51B67B4124B4}.Release|x64.Build.0 = Release|x64
		{A4AEC163-F442-4EEE-AD77-51B67B4124B4}.Release|x86.ActiveCfg = Release|Win32
		{A4AEC163-F442-4EEE-AD77-51B67B4124B4}.Release|x86.Build.0 = Release|Win32
		{4F3DEAC8-24CD-429B-86F8-346108847A38}.Debug|x64.ActiveCfg = Debug|x64
		{4F3DEAC8-24CD-429B-86F8-346108847A38}.Debug|x64.Build.0 = Debug|x64
		{4F3DEAC8-24CD-429B-86F8-346108847A38}.Debug|x86.ActiveCfg = Debug|Win32
		{4F3DEAC8-24CD-429B-86F8-346108847A38}.Debug|x86.Build.0 = Debug|Win32
		{4F3DEAC8-24CD-429B-86F8-346108847A38}.Release|x64.ActiveCfg = Release|x64
		{4F3DEAC8-24CD-429B-86F8-346108847A38}.Release|x64.Build.0 = Release|x64
		{4F3DEAC8-24CD-429B-86F8-346108847A38}.Release|x86.ActiveCfg = Release|Win32
		{4F3DEAC8-24CD-429B-86F8-346108847A38}.Release|x86.Build.0 = Release|Win32
		{BA238F64-E209-4D6E-9A05-F08BD030ABF6}.Debug|x64.ActiveCfg = Debug|x64
		{BA238F64-E209-4D6E-9A05-F08BD030ABF6}.Debug|x64.Build.0 = Debug|x64
		{BA238F64-E209-4D6E-9A05-F08BD030ABF6}.Debug|x86.ActiveCfg = Debug|Win32
		{BA238F64-E209-4D6E-9A05-F08BD030ABF6}.Debug|x86.Build.0 = Debug|Win32
		{BA238F64-E209-4D6E-9A05-F08BD030ABF6}.Release|x64.ActiveCfg = Release|x64
		{BA238F64-E209-4D6E-9A05-F08BD030ABF6}.Release|x64.Build.0 = Release|x64
		{BA238F64-E209-4D6E-9A05-F08BD030ABF6}.Release|x86.ActiveCfg = Release|Win32
		{BA238F64-E209-4D6E-9A05-F08BD030ABF6}.Release|x86.Build.0 = Release|Win32
		{5EF54846-6552-4D49-8DC4-71F669A0AAD9}.Debug|x64.ActiveCfg = Debug|x64
		{5EF54846-6552-4D49-8DC4-71F669A0AAD9}.Debug|x64.Build.0 = Debug|x64
		{5EF54846-6552-4D49-8DC4-71F669A0AAD9}.Debug|x86.ActiveCfg = Debug|Win32
		{5EF54846-6552-4D49-8DC4-71F669A0AAD9}.Debug|x86.Build.0 = Debug|Win32
		{5EF54846-6552-4D49-8DC4-71F669A0AAD9}.Release|x64.ActiveCfg = Release|x64
		{5EF54846-6552-4D49-8DC4-71F669A0AAD9}.Release|x64.Build.0 = Release|x64
		{5EF54846-6552-4D49-8DC4-71F669A0AAD9}.Release|x86.ActiveCfg = Release|Win32
		{5EF54846-6552-4D49-8DC4-71F669A0AAD9}.Release|x86.Build.0 = Release|Win32
		{FE1071F2-D522-4B92-B02A-DED46A3E5F4A}.Debug|x64.ActiveCfg = Debug|x64
		{FE1071F2-D522-4B92-B02A-DED46A3E5F4A}.Debug|x64.Build.0 = Debug|x64
		{FE1071F2-D522-4B92-B02A-DED46A3E5F4A}.Debug|x86.ActiveCfg = Debug|Win32
		{FE1071F2-D522-4B92-B02A-DED46A3E5F4A}.Debug|x86.Build.0 = Debug|Win32
		{FE1071F2-D522-4B92-B02A-DED46A3E5F4A}.Release|x64.ActiveCfg = Release|x64
		{FE1071F2-D522-4B92-B02A-DED46A3E5F4A}.Release|x64.Build.0 = Release|x64
		{FE1071F2-D522-4B92-B02A-DED46A3E5F4A}.Release|x86.ActiveCfg = Release|Win32
		{FE1071F2-D522-4B92-B02A-DED46A3E5F4A}.Release|x86.Build.0 = Release|Win32
		{DA5B75F3-D5F8-45C6-997A-D4B8145CC906}.Debug|x64.ActiveCfg = Debug|x64
		{DA5B75F3-D5F8-45C6-997A-D4B8145CC906}.Debug|x64.Build.0 = Debug|x64
		{DA5B75F3-D5F8-45C6-997A-D4B8145CC906}.Debug|x86.ActiveCfg = Debug|Win32
		{DA5B75F3-D5F8-45C6-997A-D4B8145CC906}.Debug|x86.Build.0 = Debug|Win32
		{DA5B75F3-D5F8-45C6-997A-D4B8145CC906}.Release|x64.ActiveCfg = Release|x64
		{DA5B75F3-D5F8-45C6-997A-D4B8145CC906}.Release|x64.Build.0 = Release|x64
		{DA5B75F3-D5F8-45C6-997A-D4B8145CC906}.Release|x86.ActiveCfg = Release|Win32
		{DA5B75F3-D5F8-45C6-997A-D4B8145CC906}.Release|x86.Build.0 = Release|Win32
		{2ADE835A-E1B8-46ED-9E34-220E9D9DB8F0}.Debug|x64.ActiveCfg = Debug|x64
		{2ADE835A-E1B8-46ED-9E34-220E9D9DB8F0}.Debug|x64.Build.0 = Debug|x64
		{2ADE835A-E1B8-46ED-9E34-220E9D9DB8F0}.Debug|x86.ActiveCfg = Debug|Win32
		{2ADE835A-E1B8-46ED-9E34-220E9D9DB8F0}.Debug|x86.Build.0 = Debug|Win32
		{2ADE835A-E1B8-46ED-9E34-220E9D9DB8F0}.Release|x64.ActiveCfg = Release|x64
		{2ADE835A-E1B8-46ED-9E34-220E9D9DB8F0}.Release|x64.Build.0 = Release|x64
		{2ADE835A-E1B8-46ED-9E34-220E9D9DB8F0}.Release|x86.ActiveCfg = Release|Win32
		{2ADE835A-E1B8-46ED-9E34-220E9D9DB8F0}.Release|x86.Build.0 = Release|Win32
		{37D07B33-EC41-44A3-B613-1B476CA8B29F}.Debug|x64.ActiveCfg = Debug|x64
		{37D07B33-EC41-44A3-B613-1B476CA8B29F}.Debug|x64.Build.0 = Debug|x64
		{37D07B33-EC41-44A3-B613-1B476CA8B29F}.Debug|x86.ActiveCfg = Debug|Win32
		{37D07B33-EC41-44A3-B613-1B476CA8B29F}.Debug|x86.Build.0 = Debug|Win32
		{37D07B33-EC41-44A3-B613-1B476CA8B29F}.Release|x64.ActiveCfg = Release|x64
		{37D07B33-EC41-44A3-B613-1B476CA8B29F}.Release|x64.Build.0 = Release|x64
		{37D07B33-EC41-44A3-B613-1B476CA8B29F}.Release|x86.ActiveCfg = Release|Win32
		{37D07B33-EC41-44A3-B613-1B476CA8B29F}.Release|x86.Build.0 = Release|Win32
		{320CD820-FCE5-4291-B658-65ACC1D038F8}.Debug|x64.ActiveCfg = Debug|x64
		{320CD820-FCE5-4291-B658-65ACC1D038F8}.Debug|x64.Build.0 = Debug|x64
		{320CD820-FCE5-4291-B658-65ACC1D038F8}.Debug|x86.ActiveCfg = Debug|Win32
		{320CD820-FCE5-4291-B658-65ACC1D038F8}.Debug|x86.Build.0 = Debug|Win32
		{320CD820-FCE5-4291-B658-65ACC1D038F8}.Release|x64.ActiveCfg = Release|x64
		{320CD820-FCE5-4291-B658-65ACC1D038F8}.Release|x64.Build.0 = Release|x64
		{320CD820-FCE5-4291-B658-65ACC1D038F8}.Release|x86.ActiveCfg = Release|Win32
		{320CD820-FCE5-4291-B658-65ACC1D038F8}.Release|x86.Build.0 = Release|Win32
		{1DB788BE-7336-4555-8A21-4E52DED53376}.Debug|x64.ActiveCfg = Debug|x64
		{1DB788BE-7336-4555-8A21-4E52DED53376}.Debug|x64.Build.0 = Debug|x64
		{1DB788BE-7336-4555-8A21-4E52DED53376}.Debug|x86.ActiveCfg = Debug|Win32
		{1DB788BE-7336-4555-8A21-4E52DED53376}.Debug|x86.Build.0 = Debug|Win32
		{1DB788BE-7336-4555-8A21-4E52DED53376}.Release|x64.ActiveCfg = Release|x64
		{1DB788BE-7336-4555-8A21-4E52DED53376}.Release|x64.Build.0 = Release|x64
		{1DB788BE-7336-4555-8A21-4E52DED53376}.Release|x86.ActiveCfg = Release|Win32
		{1DB788BE-7336-4555-8A21-4E52DED53376}.Release|x86.Build.0 = Release|Win32
		{CA6F11A1-7BEB-41CA-9223-38FC4335784A}.Debug|x64.ActiveCfg = Debug|x64
		{CA6F11A1-7BEB-41CA-9223-38FC4335784A}.Debug|x64.Build.0 = Debug|x64
		{CA6F11A1-7BEB-41CA-9223-38FC4335784A}.Debug|x86.ActiveCfg = Debug|Win32
		{CA6F11A1-7BEB-41CA-9223-38FC4335784A}.Debug|x86.Build.0 = Debug|Win32
		{CA6F11A1-7BEB-41CA-9223-38FC4335784A}.Release|x64.ActiveCfg = Release|x64
		{CA6F11A1-7BEB-41CA-9223-38FC4335784A}.Release|x64.Build.0 = Release|x64
		{CA6F11A1-7BEB-41CA-9223-38FC4335784A}.Release|x86.ActiveCfg = Release|Win32
		{CA6F11A1-7BEB-41CA-9223-38FC4335784A}.Release|x86.Build.0 = Release|Win32
		{B5949A93-1B58-47C3-91F9-3849A1E1FFCE}.Debug|x64.ActiveCfg = Debug|x64
		{B5949A93-1B58-47C3-91F9-3849A1E1FFCE}.Debug|x64.Build.0 = Debug|x64
		{B5949A93-1B58-47C3-91F9-3849A1E1FFCE}.Debug|x86.ActiveCfg = Debug|Win32
		{B5949A93-1B58-47C3-91F9-3849A1E1FFCE}.Debug|x86.Build.0 = Debug|Win32
		{B5949A93-1B58-47C3-91F9-3849A1E1FFCE}.Release|x64.ActiveCfg = Release|x64
		{B5949A93-1B58-47C3-91F9-3849A1E1FFCE}.Release|x64.Build.0 = Release|x64
		{B5949A93-1B58-47C3-91F9-3849A1E1FFCE}.Release|x86.ActiveCfg = Release|Win32
		{B5949A93-1B58-47C3-91F9-3849A1E1FFCE}.Release|x86.Build.0 = Release|Win32
		{AE110234-B400-422A-A87A-720B90F02D0C}.Debug|x64.ActiveCfg = Debug|x64
		{AE110234-B400-422A-A87A-720B90F02D0C}.Debug|x64.Build.0 = Debug|x64
		{AE110234-B400-422A-A87A-720B90F02D0C}.Debug|x86.ActiveCfg = Debug|Win32
		{AE110234-B400-422A-A87A-720B90F02D0C}.Debug|x86.Build.0 = Debug|Win32
		{AE110234-B400-422A-A87A-720B90F02D0C}.Release|x64.ActiveCfg = Release|x64
		{AE110234-B400-422A-A87A-720B90F02D0C}.Release|x64.Build.0 = Release|x64
		{AE110234-B400-422A-A87A-720B90F02D0C}.Release|x86.ActiveCfg = Release|Win32
		{AE110234-B400-422A-A87A-720B90F02D0C}.Release|x86.Build.0 = Release|Win32
		{56A7670A-EBC1-43DF-85AA-2B570515E8E7}.Debug|x64.ActiveCfg = Debug|x64
		{56A7670A-EBC1-43DF-85AA-2B570515E8E7}.Debug|x64.Build.0 = Debug|x64
		{56A7670A-EBC1-43DF-85AA-2B570515E8E7}.Debug|x86.ActiveCfg = Debug|Win32
		{56A7670A-EBC1-43DF-85AA-2B570515E8E7}.Debug|x86.Build.0 = Debug|Win32
		{56A7670A-EBC1-43DF-85AA-2B570515E8E7}.Release|x64.ActiveCfg = Release|x64
		{56A7670A-EBC1-43DF-85AA-2B570515E8E7}.Release|x64.Build.0 = Release|x64
		{56A7670A-EBC1-43DF-85AA-2B570515E8E7}.Release|x86.ActiveCfg = Release|Win32
		{56A7670A-EBC1-43DF-85AA-2B570515E8E7}.Release|x86.Build.0 = Release|Win32
		{9F29B618-9249-4D41-A08A-FBD4ED2C2A9E}.Debug|x64.ActiveCfg = Debug|x64
		{9F29B618-9249-4D41-A08A-FBD4ED2C2A9E}.Debug|x64.Build.0 = Debug|x64
		{9F29B618-9249-4D41-A08A-FBD4ED2C2A9E}.Debug|x86.ActiveCfg = Debug|Win32
		{9F29B618-9249-4D41-A08A-FBD4ED2C2A9E}.Debug|x86.Build.0 = Debug|Win32
		{9F29B618-9249-4D41-A08A-FBD4ED2C2A9E}.Release|x64.ActiveCfg = Release|x64
		{9F29B618-9249-4D41-A08A-FBD4ED2C2A9E}.Release|x64.Build.0 = Release|x64
		{9F29B618-9249-4D41-A08A-FBD4ED2C2A9E}.Release|x86.ActiveCfg = Release|Win32
		{9F29B618-9249-4D41-A08A-FBD4ED2C2A9E}.Release|x86.Build.0 = Release|Win32
		{E546565D-C71F-4AD0-BA09-B4300A57621C}.Debug|x64.ActiveCfg = Debug|x64
		{E546565D-C71F-4AD0-BA09-B4300A57621C}.Debug|x64.Build.0 = Debug|x64
		{E546565D-C71F-4AD0-BA09-B4300A57621C}.Debug|x86.ActiveCfg = Debug|Win32
		{E546565D-C71F-4AD0-BA09-B4300A57621C}.Debug|x86.Build.0 = Debug|Win32
		{E546565D-C71F-4AD0-BA09-B4300A57621C}.Release|x64.ActiveCfg = Release|x64
		{E546565D-C71F-4AD0-BA09-B4300A57621C}.Release|x64.Build.0 = Release|x64
		{E546565D-C71F-4AD0-BA09-B4300A57621C}.Release|x86.ActiveCfg = Release|Win32
		{E546565D-C71F-4AD0-BA09-B4300A57621C}.Release|x86.Build.0 = Release|Win32
		{A0B520A6-A46B-4AE0-B11C-A98A87A38FE6}.Debug|x64.ActiveCfg = Debug|x64
		{A0B520A6-A46B-4AE0-B11C-A98A87A38FE6}.Debug|x64.Build.0 = Debug|x64
		{A0B520A6-A46B-4AE0-B11C-A98A87A38FE6}.Debug|x86.ActiveCfg = Debug|Win32
		{A0B520A6-A46B-4AE0-B11C-A98A87A38FE6}.Debug|x86.Build.0 = Debug|Win32
		{A0B520A6-A46B-4AE0-B11C-A98A87A38FE6}.Release|x64.ActiveCfg = Release|x64
		{A0B520A6-A46B-4AE0-B11C-A98A87A38FE6}.Release|x64.Build.0 = Release|x64
		{A0B520A6-A46B-4AE0-B11C-A98A87A38FE6}.Release|x86.ActiveCfg = Release|Win32
		{A0B520A6-A46B-4AE0-B11C-A98A87A38FE6}.Release|x86.Build.0 = Release|Win32
		{95088F89-32C2-4225-A3E2-73F6167D2DB2}.Debug|x64.ActiveCfg = Debug|x64
		{95088F89-32C2-4225-A3E2-73F6167D2DB2}.Debug|x64.Build.0 = Debug|x64
		{95088F89-32C2-4225-A3E2-73F6167D2DB2}.Debug|x86.ActiveCfg = Debug|Win32
		{95088F89-32C2-4225-A3E2-73F6167D2DB2}.Debug|x86.Build.0 = Debug|Win32
		{95088F89-32C2-4225-A3E2-73F6167D2DB2}.Release|x64.ActiveCfg = Release|x64
		{95088F89-32C2-4225-A3E2-73F6167D2DB2}.Release|x64.Build.0 = Release|x64
		{95088F89-32C2-4225-A3E2-73F6167D2DB2}.Release|x86.ActiveCfg = Release|Win32
		{95088F89-32C2-4225-A3E2-73F6167D2DB2}.Release|x86.Build.0 = Release|Win32
		{4115FD13-CF8E-4E2B-A1B5-5A68BED1763E}.Debug|x64.ActiveCfg = Debug|x64
		{4115FD13-CF8E-4E2B-A1B5-5A68BED1763E}.Debug|x64.Build.0 = Debug|x64
		{4115FD13-CF8E-4E2B-A1B5-5A68BED1763E}.Debug|x86.ActiveCfg = Debug|Win32
		{4115FD13-CF8E-4E2B-A1B5-5A68BED1763E}.Debug|x86.Build.0 = Debug|Win32
		{4115FD13-CF8E-4E2B-A1B5-5A68BED1763E}.Release|x64.ActiveCfg = Release|x64
		{4115FD13-CF8E-4E2B-A1B5-5A68BED1763E}.Release|x64.Build.0 = Release|x64
		{4115FD13-CF8E-4E2B-A1B5-5A68BED1763E}.Release|x86.ActiveCfg = Release|Win32
		{4115FD13-CF8E-4E2B-A1B5-5A68BED1763E}.Release|x86.Build.0 = Release|Win32
		{113502CD-CD4D-4A40-8204-0125B746BD7E}.Debug|x64.ActiveCfg = Debug|x64
		{113502CD-CD4D-4A40-8204-0125B746BD7E}.Debug|x64.Build.0 = Debug|x64
		{113502CD-CD4D-4A40-8204-0125B746BD7E}.Debug|x86.ActiveCfg = Debug|Win32
		{113502CD-CD4D-4A40-8204-0125B746BD7E}.Debug|x86.Build.0 = Debug|Win32
		{113502CD-CD4D-4A40-8204-0125B746BD7E}.Release|x64.ActiveCfg = Release|x64
		{113502CD-CD4D-4A40-8204-0125B746BD7E}.Release|x64.Build.0 = Release|x64
		{113502CD-CD4D-4A40-8204-0125B746BD7E}.Release|x86.ActiveCfg = Release|Win32
		{113502CD-CD4D-4A40-8204-0125B746BD7E}.Release|x86.Build.0 = Release|Win32
		{6DBE4628-7EFC-4254-B0C1-DA75BEDC98B4}.Debug|x64.ActiveCfg = Debug|x64
		{6DBE4628-7EFC-4254-B0C1-DA75BEDC98B4}.Debug|x64.Build.0 = Debug|x64
		{6DBE4628-7EFC-4254-B0C1-DA75BEDC98B4}.Debug|x86.ActiveCfg = Debug|Win32
		{6DBE4628-7EFC-4254-B0C1-DA75BEDC98B4}.Debug|x86.Build.0 = Debug|Win32
		{6DBE4628-7EFC-4254-B0C1-DA75BEDC98B4}.Release|x64.ActiveCfg = Release|x64
		{6DBE4628-7EFC-4254-B0C1-DA75BEDC98B4}.Release|x64.Build.0 = Release|x64
		{6DBE4628-7EFC-4254-B0C1-DA75BEDC98B4}.Release|x86.ActiveCfg = Release|Win32
		{6DBE4628-7EFC-4254-B0C1-DA75BEDC98B4}.Release|x86.Build.0 = Release|Win32
		{B4F23FE4-AD0A-4B44-8C0D-2BA3B27F8280}.Debug|x64.ActiveCfg = Debug|x64
		{B4F23FE4-AD0A-4B44-8C0D-2BA3B27F8280}.Debug|x64.Build.0 = Debug|x64
		{B4F23FE4-AD0A-4B44-8C0D-2BA3B27F8280}.Debug|x86.ActiveCfg = Debug|Win32
		{B4F23FE4-AD0A-4B44-8C0D-2BA3B27F8280}.Debug|x86.Build.0 = Debug|Win32
		{B4F23FE4-AD0A-4B44-8C0D-2BA3B27F8280}.Release|x64.ActiveCfg = Release|x64
		{B4F23FE4-AD0A-4B44-8C0D-2BA3B27F8280}.Release|x64.Build.0 = Release|x64
		{B4F23FE4-AD0A-4B44-8C0D-2BA3B27F8280}.Release|x86.ActiveCfg = Release|Win32
		{B4F23FE4-AD0A-4B44-8C0D-2BA3B27F8280}.Release|x86.Build.0 = Release|Win32
	EndGlobalSection
	GlobalSection(SolutionProperties) = preSolution
		HideSolutionNode = FALSE
	EndGlobalSection
EndGlobal
